// !$*UTF8*$!
{
	archiveVersion = 1;
	classes = {
	};
	objectVersion = 46;
	objects = {

/* Begin PBXBuildFile section */
		831F50CB14FCC160006122C3 /* TextRulerView.m in Sources */ = {isa = PBXBuildFile; fileRef = 831F50CA14FCC160006122C3 /* TextRulerView.m */; };
		832D0E43153612480058A47F /* PHPProcessor.m in Sources */ = {isa = PBXBuildFile; fileRef = 832D0E42153612480058A47F /* PHPProcessor.m */; };
		83329F37153B43CC00DA48BB /* CSSProcessor.m in Sources */ = {isa = PBXBuildFile; fileRef = 83329F36153B43CC00DA48BB /* CSSProcessor.m */; };
		83399E331500AA490077EA5C /* GeneralPreferences.xib in Resources */ = {isa = PBXBuildFile; fileRef = 83399E321500AA490077EA5C /* GeneralPreferences.xib */; };
		83399E361500AB840077EA5C /* FontAndColorPreferences.xib in Resources */ = {isa = PBXBuildFile; fileRef = 83399E351500AB840077EA5C /* FontAndColorPreferences.xib */; };
		83399E381500ABBF0077EA5C /* EditingPreferences.xib in Resources */ = {isa = PBXBuildFile; fileRef = 83399E371500ABBF0077EA5C /* EditingPreferences.xib */; };
		83399E3D1500AD890077EA5C /* EditingPreferences.tiff in Resources */ = {isa = PBXBuildFile; fileRef = 83399E3A1500AD890077EA5C /* EditingPreferences.tiff */; };
		83399E3E1500AD890077EA5C /* FontAndColorPreferences.png in Resources */ = {isa = PBXBuildFile; fileRef = 83399E3B1500AD890077EA5C /* FontAndColorPreferences.png */; };
		83399E3F1500AD890077EA5C /* GeneralPreferences.tiff in Resources */ = {isa = PBXBuildFile; fileRef = 83399E3C1500AD890077EA5C /* GeneralPreferences.tiff */; };
		83399E471500CA6A0077EA5C /* Theme.m in Sources */ = {isa = PBXBuildFile; fileRef = 83399E461500CA6A0077EA5C /* Theme.m */; };
		833B9DC6146F92B3008F05CE /* Preferences.m in Sources */ = {isa = PBXBuildFile; fileRef = 833B9DC5146F92B3008F05CE /* Preferences.m */; };
		833E14A914690B0400F50375 /* EditingWindowController.m in Sources */ = {isa = PBXBuildFile; fileRef = 833E14A814690B0400F50375 /* EditingWindowController.m */; };
		833E14B214690B5D00F50375 /* EditingWindow.m in Sources */ = {isa = PBXBuildFile; fileRef = 833E14B114690B5D00F50375 /* EditingWindow.m */; };
		8341DE8215D9EF5300CE763C /* Icon.iconset in Resources */ = {isa = PBXBuildFile; fileRef = 8341DE8115D9EF5300CE763C /* Icon.iconset */; };
		83426FE514FF48CD0008A394 /* TextProcessor.m in Sources */ = {isa = PBXBuildFile; fileRef = 83426FE414FF48CD0008A394 /* TextProcessor.m */; };
		8345C7691509D2E400B77728 /* SyntaxPreferences.png in Resources */ = {isa = PBXBuildFile; fileRef = 8345C7681509D2E400B77728 /* SyntaxPreferences.png */; };
		834D8E841508925D006AE3BE /* ShellProcessor.m in Sources */ = {isa = PBXBuildFile; fileRef = 834D8E831508925D006AE3BE /* ShellProcessor.m */; };
		834F417D1504886B00CDA339 /* KeyThroughTextView.m in Sources */ = {isa = PBXBuildFile; fileRef = 834F417C1504886B00CDA339 /* KeyThroughTextView.m */; };
		83614D1A14FF56A70035C993 /* CProcessor.m in Sources */ = {isa = PBXBuildFile; fileRef = 83614D1914FF56A70035C993 /* CProcessor.m */; };
		8364875915096259004FF3B0 /* XMLProcessor.m in Sources */ = {isa = PBXBuildFile; fileRef = 8364875815096259004FF3B0 /* XMLProcessor.m */; };
		836AA92115080F43009C82A6 /* AddSyntaxDefinitionView.m in Sources */ = {isa = PBXBuildFile; fileRef = 836AA92015080F42009C82A6 /* AddSyntaxDefinitionView.m */; };
		837907EE1501A0840024E099 /* FontTextField.m in Sources */ = {isa = PBXBuildFile; fileRef = 837907ED1501A0840024E099 /* FontTextField.m */; };
		8379DE051536248500E8E399 /* AdvancedFindPanel.m in Sources */ = {isa = PBXBuildFile; fileRef = 8379DE041536248500E8E399 /* AdvancedFindPanel.m */; };
		8379DE0F1536264500E8E399 /* AdvancedFindPanel.xib in Resources */ = {isa = PBXBuildFile; fileRef = 8379DE0E1536264500E8E399 /* AdvancedFindPanel.xib */; };
		838EA0A51501FE1100E7A028 /* EditingTextView.m in Sources */ = {isa = PBXBuildFile; fileRef = 838EA0A41501FE1000E7A028 /* EditingTextView.m */; };
		83B2CDC315004F8F00A679A9 /* EditingWindow.xib in Resources */ = {isa = PBXBuildFile; fileRef = 833E14AE14690B4300F50375 /* EditingWindow.xib */; };
		83B2CDD115005C3500A679A9 /* GeneralPreferences.m in Sources */ = {isa = PBXBuildFile; fileRef = 83B2CDD015005C3500A679A9 /* GeneralPreferences.m */; };
		83B2CDD415005C4E00A679A9 /* EditingPreferences.m in Sources */ = {isa = PBXBuildFile; fileRef = 83B2CDD315005C4E00A679A9 /* EditingPreferences.m */; };
		83B2CDD715005C6100A679A9 /* FontAndColorPreferences.m in Sources */ = {isa = PBXBuildFile; fileRef = 83B2CDD615005C6100A679A9 /* FontAndColorPreferences.m */; };
		83C3B9961503362800E4EE77 /* AddThemeView.m in Sources */ = {isa = PBXBuildFile; fileRef = 83C3B9951503362800E4EE77 /* AddThemeView.m */; };
		83C74D8A1468F8AB008A26A3 /* Cocoa.framework in Frameworks */ = {isa = PBXBuildFile; fileRef = 83C74D891468F8AB008A26A3 /* Cocoa.framework */; };
		83C74D941468F8AB008A26A3 /* InfoPlist.strings in Resources */ = {isa = PBXBuildFile; fileRef = 83C74D921468F8AB008A26A3 /* InfoPlist.strings */; };
		83C74D961468F8AB008A26A3 /* main.m in Sources */ = {isa = PBXBuildFile; fileRef = 83C74D951468F8AB008A26A3 /* main.m */; };
		83C74D9A1468F8AB008A26A3 /* Credits.rtf in Resources */ = {isa = PBXBuildFile; fileRef = 83C74D981468F8AB008A26A3 /* Credits.rtf */; };
		83C74D9D1468F8AB008A26A3 /* BetterEditAppDelegate.m in Sources */ = {isa = PBXBuildFile; fileRef = 83C74D9C1468F8AB008A26A3 /* BetterEditAppDelegate.m */; };
		83C74DA01468F8AB008A26A3 /* MainMenu.xib in Resources */ = {isa = PBXBuildFile; fileRef = 83C74D9E1468F8AB008A26A3 /* MainMenu.xib */; };
		83C74DA81468F8AB008A26A3 /* SenTestingKit.framework in Frameworks */ = {isa = PBXBuildFile; fileRef = 83C74DA71468F8AB008A26A3 /* SenTestingKit.framework */; };
		83C74DA91468F8AB008A26A3 /* Cocoa.framework in Frameworks */ = {isa = PBXBuildFile; fileRef = 83C74D891468F8AB008A26A3 /* Cocoa.framework */; };
		83C74DB11468F8AC008A26A3 /* InfoPlist.strings in Resources */ = {isa = PBXBuildFile; fileRef = 83C74DAF1468F8AC008A26A3 /* InfoPlist.strings */; };
		83C74DB31468F8AC008A26A3 /* BetterEditTests.h in Resources */ = {isa = PBXBuildFile; fileRef = 83C74DB21468F8AC008A26A3 /* BetterEditTests.h */; };
		83C74DB51468F8AC008A26A3 /* BetterEditTests.m in Sources */ = {isa = PBXBuildFile; fileRef = 83C74DB41468F8AC008A26A3 /* BetterEditTests.m */; };
		83C74DC11468FDD7008A26A3 /* TextDocument.m in Sources */ = {isa = PBXBuildFile; fileRef = 83C74DBF1468FDD7008A26A3 /* TextDocument.m */; };
		83C74DC914690117008A26A3 /* TextDocumentController.m in Sources */ = {isa = PBXBuildFile; fileRef = 83C74DC814690117008A26A3 /* TextDocumentController.m */; };
		83DF908A1507706400917AFB /* SyntaxDefinition.m in Sources */ = {isa = PBXBuildFile; fileRef = 83DF90891507706400917AFB /* SyntaxDefinition.m */; };
		83DF908E1507709E00917AFB /* SyntaxPreferences.m in Sources */ = {isa = PBXBuildFile; fileRef = 83DF908D1507709E00917AFB /* SyntaxPreferences.m */; };
		83DF9090150770CC00917AFB /* SyntaxPreferences.xib in Resources */ = {isa = PBXBuildFile; fileRef = 83DF908F150770CC00917AFB /* SyntaxPreferences.xib */; };
		83F6362515074F990076C3C8 /* VersionsWindow.m in Sources */ = {isa = PBXBuildFile; fileRef = 83F6362415074F990076C3C8 /* VersionsWindow.m */; };
		83F6362815074FBA0076C3C8 /* VersionsWindow.xib in Resources */ = {isa = PBXBuildFile; fileRef = 83F6362715074FBA0076C3C8 /* VersionsWindow.xib */; };
		83F7F77514FD705B0080BCE3 /* FileTableCellView.m in Sources */ = {isa = PBXBuildFile; fileRef = 83F7F77414FD705B0080BCE3 /* FileTableCellView.m */; };
/* End PBXBuildFile section */

/* Begin PBXContainerItemProxy section */
		83C74DAA1468F8AB008A26A3 /* PBXContainerItemProxy */ = {
			isa = PBXContainerItemProxy;
			containerPortal = 83C74D7C1468F8AB008A26A3 /* Project object */;
			proxyType = 1;
			remoteGlobalIDString = 83C74D841468F8AB008A26A3;
			remoteInfo = BetterEdit;
		};
/* End PBXContainerItemProxy section */

/* Begin PBXFileReference section */
		831F50C914FCC160006122C3 /* TextRulerView.h */ = {isa = PBXFileReference; fileEncoding = 4; lastKnownFileType = sourcecode.c.h; path = TextRulerView.h; sourceTree = "<group>"; };
		831F50CA14FCC160006122C3 /* TextRulerView.m */ = {isa = PBXFileReference; fileEncoding = 4; lastKnownFileType = sourcecode.c.objc; path = TextRulerView.m; sourceTree = "<group>"; };
		832D0E41153612480058A47F /* PHPProcessor.h */ = {isa = PBXFileReference; fileEncoding = 4; lastKnownFileType = sourcecode.c.h; path = PHPProcessor.h; sourceTree = "<group>"; };
		832D0E42153612480058A47F /* PHPProcessor.m */ = {isa = PBXFileReference; fileEncoding = 4; lastKnownFileType = sourcecode.c.objc; path = PHPProcessor.m; sourceTree = "<group>"; };
		83329F35153B43CC00DA48BB /* CSSProcessor.h */ = {isa = PBXFileReference; fileEncoding = 4; lastKnownFileType = sourcecode.c.h; path = CSSProcessor.h; sourceTree = "<group>"; };
		83329F36153B43CC00DA48BB /* CSSProcessor.m */ = {isa = PBXFileReference; fileEncoding = 4; lastKnownFileType = sourcecode.c.objc; path = CSSProcessor.m; sourceTree = "<group>"; };
		83399E321500AA490077EA5C /* GeneralPreferences.xib */ = {isa = PBXFileReference; fileEncoding = 4; lastKnownFileType = file.xib; path = GeneralPreferences.xib; sourceTree = "<group>"; };
		83399E351500AB840077EA5C /* FontAndColorPreferences.xib */ = {isa = PBXFileReference; fileEncoding = 4; lastKnownFileType = file.xib; path = FontAndColorPreferences.xib; sourceTree = "<group>"; };
		83399E371500ABBF0077EA5C /* EditingPreferences.xib */ = {isa = PBXFileReference; fileEncoding = 4; lastKnownFileType = file.xib; path = EditingPreferences.xib; sourceTree = "<group>"; };
		83399E3A1500AD890077EA5C /* EditingPreferences.tiff */ = {isa = PBXFileReference; lastKnownFileType = image.tiff; name = EditingPreferences.tiff; path = Images/EditingPreferences.tiff; sourceTree = "<group>"; };
		83399E3B1500AD890077EA5C /* FontAndColorPreferences.png */ = {isa = PBXFileReference; lastKnownFileType = image.png; name = FontAndColorPreferences.png; path = Images/FontAndColorPreferences.png; sourceTree = "<group>"; };
		83399E3C1500AD890077EA5C /* GeneralPreferences.tiff */ = {isa = PBXFileReference; lastKnownFileType = image.tiff; name = GeneralPreferences.tiff; path = Images/GeneralPreferences.tiff; sourceTree = "<group>"; };
		83399E451500CA6A0077EA5C /* Theme.h */ = {isa = PBXFileReference; fileEncoding = 4; lastKnownFileType = sourcecode.c.h; path = Theme.h; sourceTree = "<group>"; };
		83399E461500CA6A0077EA5C /* Theme.m */ = {isa = PBXFileReference; fileEncoding = 4; lastKnownFileType = sourcecode.c.objc; path = Theme.m; sourceTree = "<group>"; };
		833B9DC4146F92B3008F05CE /* Preferences.h */ = {isa = PBXFileReference; fileEncoding = 4; lastKnownFileType = sourcecode.c.h; path = Preferences.h; sourceTree = "<group>"; };
		833B9DC5146F92B3008F05CE /* Preferences.m */ = {isa = PBXFileReference; fileEncoding = 4; lastKnownFileType = sourcecode.c.objc; path = Preferences.m; sourceTree = "<group>"; };
		833E14A714690B0400F50375 /* EditingWindowController.h */ = {isa = PBXFileReference; fileEncoding = 4; lastKnownFileType = sourcecode.c.h; path = EditingWindowController.h; sourceTree = "<group>"; };
		833E14A814690B0400F50375 /* EditingWindowController.m */ = {isa = PBXFileReference; fileEncoding = 4; lastKnownFileType = sourcecode.c.objc; path = EditingWindowController.m; sourceTree = "<group>"; };
		833E14AE14690B4300F50375 /* EditingWindow.xib */ = {isa = PBXFileReference; fileEncoding = 4; lastKnownFileType = file.xib; path = EditingWindow.xib; sourceTree = "<group>"; };
		833E14B014690B5D00F50375 /* EditingWindow.h */ = {isa = PBXFileReference; fileEncoding = 4; lastKnownFileType = sourcecode.c.h; path = EditingWindow.h; sourceTree = "<group>"; };
		833E14B114690B5D00F50375 /* EditingWindow.m */ = {isa = PBXFileReference; fileEncoding = 4; lastKnownFileType = sourcecode.c.objc; path = EditingWindow.m; sourceTree = "<group>"; };
		8341DE8115D9EF5300CE763C /* Icon.iconset */ = {isa = PBXFileReference; lastKnownFileType = folder.iconset; path = Icon.iconset; sourceTree = "<group>"; };
		83426FE314FF48CD0008A394 /* TextProcessor.h */ = {isa = PBXFileReference; fileEncoding = 4; lastKnownFileType = sourcecode.c.h; path = TextProcessor.h; sourceTree = "<group>"; };
		83426FE414FF48CD0008A394 /* TextProcessor.m */ = {isa = PBXFileReference; fileEncoding = 4; lastKnownFileType = sourcecode.c.objc; path = TextProcessor.m; sourceTree = "<group>"; };
		8345C7681509D2E400B77728 /* SyntaxPreferences.png */ = {isa = PBXFileReference; lastKnownFileType = image.png; name = SyntaxPreferences.png; path = Images/SyntaxPreferences.png; sourceTree = "<group>"; };
		834D8E821508925D006AE3BE /* ShellProcessor.h */ = {isa = PBXFileReference; fileEncoding = 4; lastKnownFileType = sourcecode.c.h; path = ShellProcessor.h; sourceTree = "<group>"; };
		834D8E831508925D006AE3BE /* ShellProcessor.m */ = {isa = PBXFileReference; fileEncoding = 4; lastKnownFileType = sourcecode.c.objc; path = ShellProcessor.m; sourceTree = "<group>"; };
		834F417B1504886B00CDA339 /* KeyThroughTextView.h */ = {isa = PBXFileReference; fileEncoding = 4; lastKnownFileType = sourcecode.c.h; path = KeyThroughTextView.h; sourceTree = "<group>"; };
		834F417C1504886B00CDA339 /* KeyThroughTextView.m */ = {isa = PBXFileReference; fileEncoding = 4; lastKnownFileType = sourcecode.c.objc; path = KeyThroughTextView.m; sourceTree = "<group>"; };
		83614D1814FF56A70035C993 /* CProcessor.h */ = {isa = PBXFileReference; fileEncoding = 4; lastKnownFileType = sourcecode.c.h; path = CProcessor.h; sourceTree = "<group>"; };
		83614D1914FF56A70035C993 /* CProcessor.m */ = {isa = PBXFileReference; fileEncoding = 4; lastKnownFileType = sourcecode.c.objc; path = CProcessor.m; sourceTree = "<group>"; };
		8364875715096259004FF3B0 /* XMLProcessor.h */ = {isa = PBXFileReference; fileEncoding = 4; lastKnownFileType = sourcecode.c.h; path = XMLProcessor.h; sourceTree = "<group>"; };
		8364875815096259004FF3B0 /* XMLProcessor.m */ = {isa = PBXFileReference; fileEncoding = 4; lastKnownFileType = sourcecode.c.objc; path = XMLProcessor.m; sourceTree = "<group>"; };
		836AA91F15080F42009C82A6 /* AddSyntaxDefinitionView.h */ = {isa = PBXFileReference; fileEncoding = 4; lastKnownFileType = sourcecode.c.h; path = AddSyntaxDefinitionView.h; sourceTree = "<group>"; };
		836AA92015080F42009C82A6 /* AddSyntaxDefinitionView.m */ = {isa = PBXFileReference; fileEncoding = 4; lastKnownFileType = sourcecode.c.objc; path = AddSyntaxDefinitionView.m; sourceTree = "<group>"; };
		837907EC1501A0840024E099 /* FontTextField.h */ = {isa = PBXFileReference; fileEncoding = 4; lastKnownFileType = sourcecode.c.h; path = FontTextField.h; sourceTree = "<group>"; };
		837907ED1501A0840024E099 /* FontTextField.m */ = {isa = PBXFileReference; fileEncoding = 4; lastKnownFileType = sourcecode.c.objc; path = FontTextField.m; sourceTree = "<group>"; };
		8379DE031536248500E8E399 /* AdvancedFindPanel.h */ = {isa = PBXFileReference; fileEncoding = 4; lastKnownFileType = sourcecode.c.h; path = AdvancedFindPanel.h; sourceTree = "<group>"; };
		8379DE041536248500E8E399 /* AdvancedFindPanel.m */ = {isa = PBXFileReference; fileEncoding = 4; lastKnownFileType = sourcecode.c.objc; path = AdvancedFindPanel.m; sourceTree = "<group>"; };
		8379DE0E1536264500E8E399 /* AdvancedFindPanel.xib */ = {isa = PBXFileReference; fileEncoding = 4; lastKnownFileType = file.xib; path = AdvancedFindPanel.xib; sourceTree = "<group>"; };
		838EA0A31501FE1000E7A028 /* EditingTextView.h */ = {isa = PBXFileReference; fileEncoding = 4; lastKnownFileType = sourcecode.c.h; path = EditingTextView.h; sourceTree = "<group>"; };
		838EA0A41501FE1000E7A028 /* EditingTextView.m */ = {isa = PBXFileReference; fileEncoding = 4; lastKnownFileType = sourcecode.c.objc; path = EditingTextView.m; sourceTree = "<group>"; };
		83B2CDCE15005B7E00A679A9 /* NSPreferences.h */ = {isa = PBXFileReference; lastKnownFileType = sourcecode.c.h; path = NSPreferences.h; sourceTree = "<group>"; };
		83B2CDCF15005C3500A679A9 /* GeneralPreferences.h */ = {isa = PBXFileReference; fileEncoding = 4; lastKnownFileType = sourcecode.c.h; path = GeneralPreferences.h; sourceTree = "<group>"; };
		83B2CDD015005C3500A679A9 /* GeneralPreferences.m */ = {isa = PBXFileReference; fileEncoding = 4; lastKnownFileType = sourcecode.c.objc; path = GeneralPreferences.m; sourceTree = "<group>"; };
		83B2CDD215005C4E00A679A9 /* EditingPreferences.h */ = {isa = PBXFileReference; fileEncoding = 4; lastKnownFileType = sourcecode.c.h; path = EditingPreferences.h; sourceTree = "<group>"; };
		83B2CDD315005C4E00A679A9 /* EditingPreferences.m */ = {isa = PBXFileReference; fileEncoding = 4; lastKnownFileType = sourcecode.c.objc; path = EditingPreferences.m; sourceTree = "<group>"; };
		83B2CDD515005C6100A679A9 /* FontAndColorPreferences.h */ = {isa = PBXFileReference; fileEncoding = 4; lastKnownFileType = sourcecode.c.h; path = FontAndColorPreferences.h; sourceTree = "<group>"; };
		83B2CDD615005C6100A679A9 /* FontAndColorPreferences.m */ = {isa = PBXFileReference; fileEncoding = 4; lastKnownFileType = sourcecode.c.objc; path = FontAndColorPreferences.m; sourceTree = "<group>"; };
		83C3B9941503362800E4EE77 /* AddThemeView.h */ = {isa = PBXFileReference; fileEncoding = 4; lastKnownFileType = sourcecode.c.h; path = AddThemeView.h; sourceTree = "<group>"; };
		83C3B9951503362800E4EE77 /* AddThemeView.m */ = {isa = PBXFileReference; fileEncoding = 4; lastKnownFileType = sourcecode.c.objc; path = AddThemeView.m; sourceTree = "<group>"; };
		83C4B161150046770088F194 /* CoreFoundation.framework */ = {isa = PBXFileReference; lastKnownFileType = wrapper.framework; name = CoreFoundation.framework; path = System/Library/Frameworks/CoreFoundation.framework; sourceTree = SDKROOT; };
		83C74D851468F8AB008A26A3 /* CodeX.app */ = {isa = PBXFileReference; explicitFileType = wrapper.application; includeInIndex = 0; path = CodeX.app; sourceTree = BUILT_PRODUCTS_DIR; };
		83C74D891468F8AB008A26A3 /* Cocoa.framework */ = {isa = PBXFileReference; lastKnownFileType = wrapper.framework; name = Cocoa.framework; path = System/Library/Frameworks/Cocoa.framework; sourceTree = SDKROOT; };
		83C74D8C1468F8AB008A26A3 /* AppKit.framework */ = {isa = PBXFileReference; lastKnownFileType = wrapper.framework; name = AppKit.framework; path = System/Library/Frameworks/AppKit.framework; sourceTree = SDKROOT; };
		83C74D8D1468F8AB008A26A3 /* CoreData.framework */ = {isa = PBXFileReference; lastKnownFileType = wrapper.framework; name = CoreData.framework; path = System/Library/Frameworks/CoreData.framework; sourceTree = SDKROOT; };
		83C74D8E1468F8AB008A26A3 /* Foundation.framework */ = {isa = PBXFileReference; lastKnownFileType = wrapper.framework; name = Foundation.framework; path = System/Library/Frameworks/Foundation.framework; sourceTree = SDKROOT; };
		83C74D911468F8AB008A26A3 /* BetterEdit-Info.plist */ = {isa = PBXFileReference; lastKnownFileType = text.plist.xml; path = "BetterEdit-Info.plist"; sourceTree = "<group>"; };
		83C74D931468F8AB008A26A3 /* en */ = {isa = PBXFileReference; lastKnownFileType = text.plist.strings; name = en; path = en.lproj/InfoPlist.strings; sourceTree = "<group>"; };
		83C74D951468F8AB008A26A3 /* main.m */ = {isa = PBXFileReference; lastKnownFileType = sourcecode.c.objc; path = main.m; sourceTree = "<group>"; };
		83C74D971468F8AB008A26A3 /* BetterEdit-Prefix.pch */ = {isa = PBXFileReference; lastKnownFileType = sourcecode.c.h; path = "BetterEdit-Prefix.pch"; sourceTree = "<group>"; };
		83C74D991468F8AB008A26A3 /* en */ = {isa = PBXFileReference; lastKnownFileType = text.rtf; name = en; path = en.lproj/Credits.rtf; sourceTree = "<group>"; };
		83C74D9B1468F8AB008A26A3 /* BetterEditAppDelegate.h */ = {isa = PBXFileReference; lastKnownFileType = sourcecode.c.h; path = BetterEditAppDelegate.h; sourceTree = "<group>"; };
		83C74D9C1468F8AB008A26A3 /* BetterEditAppDelegate.m */ = {isa = PBXFileReference; lastKnownFileType = sourcecode.c.objc; path = BetterEditAppDelegate.m; sourceTree = "<group>"; };
		83C74D9F1468F8AB008A26A3 /* en */ = {isa = PBXFileReference; lastKnownFileType = file.xib; name = en; path = en.lproj/MainMenu.xib; sourceTree = "<group>"; };
		83C74DA61468F8AB008A26A3 /* BetterEditTests.octest */ = {isa = PBXFileReference; explicitFileType = wrapper.cfbundle; includeInIndex = 0; path = BetterEditTests.octest; sourceTree = BUILT_PRODUCTS_DIR; };
		83C74DA71468F8AB008A26A3 /* SenTestingKit.framework */ = {isa = PBXFileReference; lastKnownFileType = wrapper.framework; name = SenTestingKit.framework; path = Library/Frameworks/SenTestingKit.framework; sourceTree = DEVELOPER_DIR; };
		83C74DAE1468F8AC008A26A3 /* BetterEditTests-Info.plist */ = {isa = PBXFileReference; lastKnownFileType = text.plist.xml; path = "BetterEditTests-Info.plist"; sourceTree = "<group>"; };
		83C74DB01468F8AC008A26A3 /* en */ = {isa = PBXFileReference; lastKnownFileType = text.plist.strings; name = en; path = en.lproj/InfoPlist.strings; sourceTree = "<group>"; };
		83C74DB21468F8AC008A26A3 /* BetterEditTests.h */ = {isa = PBXFileReference; lastKnownFileType = sourcecode.c.h; path = BetterEditTests.h; sourceTree = "<group>"; };
		83C74DB41468F8AC008A26A3 /* BetterEditTests.m */ = {isa = PBXFileReference; lastKnownFileType = sourcecode.c.objc; path = BetterEditTests.m; sourceTree = "<group>"; };
		83C74DBE1468FDD7008A26A3 /* TextDocument.h */ = {isa = PBXFileReference; fileEncoding = 4; lastKnownFileType = sourcecode.c.h; path = TextDocument.h; sourceTree = "<group>"; };
		83C74DBF1468FDD7008A26A3 /* TextDocument.m */ = {isa = PBXFileReference; fileEncoding = 4; lastKnownFileType = sourcecode.c.objc; path = TextDocument.m; sourceTree = "<group>"; };
		83C74DC714690117008A26A3 /* TextDocumentController.h */ = {isa = PBXFileReference; fileEncoding = 4; lastKnownFileType = sourcecode.c.h; path = TextDocumentController.h; sourceTree = "<group>"; };
		83C74DC814690117008A26A3 /* TextDocumentController.m */ = {isa = PBXFileReference; fileEncoding = 4; lastKnownFileType = sourcecode.c.objc; path = TextDocumentController.m; sourceTree = "<group>"; };
		83DF90881507706400917AFB /* SyntaxDefinition.h */ = {isa = PBXFileReference; fileEncoding = 4; lastKnownFileType = sourcecode.c.h; path = SyntaxDefinition.h; sourceTree = "<group>"; };
		83DF90891507706400917AFB /* SyntaxDefinition.m */ = {isa = PBXFileReference; fileEncoding = 4; lastKnownFileType = sourcecode.c.objc; path = SyntaxDefinition.m; sourceTree = "<group>"; };
		83DF908C1507709E00917AFB /* SyntaxPreferences.h */ = {isa = PBXFileReference; fileEncoding = 4; lastKnownFileType = sourcecode.c.h; path = SyntaxPreferences.h; sourceTree = "<group>"; };
		83DF908D1507709E00917AFB /* SyntaxPreferences.m */ = {isa = PBXFileReference; fileEncoding = 4; lastKnownFileType = sourcecode.c.objc; path = SyntaxPreferences.m; sourceTree = "<group>"; };
		83DF908F150770CC00917AFB /* SyntaxPreferences.xib */ = {isa = PBXFileReference; fileEncoding = 4; lastKnownFileType = file.xib; path = SyntaxPreferences.xib; sourceTree = "<group>"; };
		83F6362315074F990076C3C8 /* VersionsWindow.h */ = {isa = PBXFileReference; fileEncoding = 4; lastKnownFileType = sourcecode.c.h; path = VersionsWindow.h; sourceTree = "<group>"; };
		83F6362415074F990076C3C8 /* VersionsWindow.m */ = {isa = PBXFileReference; fileEncoding = 4; lastKnownFileType = sourcecode.c.objc; path = VersionsWindow.m; sourceTree = "<group>"; };
		83F6362715074FBA0076C3C8 /* VersionsWindow.xib */ = {isa = PBXFileReference; fileEncoding = 4; lastKnownFileType = file.xib; path = VersionsWindow.xib; sourceTree = "<group>"; };
		83F7F77314FD705B0080BCE3 /* FileTableCellView.h */ = {isa = PBXFileReference; fileEncoding = 4; lastKnownFileType = sourcecode.c.h; path = FileTableCellView.h; sourceTree = "<group>"; };
		83F7F77414FD705B0080BCE3 /* FileTableCellView.m */ = {isa = PBXFileReference; fileEncoding = 4; lastKnownFileType = sourcecode.c.objc; path = FileTableCellView.m; sourceTree = "<group>"; };
/* End PBXFileReference section */

/* Begin PBXFrameworksBuildPhase section */
		83C74D821468F8AB008A26A3 /* Frameworks */ = {
			isa = PBXFrameworksBuildPhase;
			buildActionMask = 2147483647;
			files = (
				83C74D8A1468F8AB008A26A3 /* Cocoa.framework in Frameworks */,
			);
			runOnlyForDeploymentPostprocessing = 0;
		};
		83C74DA21468F8AB008A26A3 /* Frameworks */ = {
			isa = PBXFrameworksBuildPhase;
			buildActionMask = 2147483647;
			files = (
				83C74DA81468F8AB008A26A3 /* SenTestingKit.framework in Frameworks */,
				83C74DA91468F8AB008A26A3 /* Cocoa.framework in Frameworks */,
			);
			runOnlyForDeploymentPostprocessing = 0;
		};
/* End PBXFrameworksBuildPhase section */

/* Begin PBXGroup section */
		83399E391500AD770077EA5C /* Images */ = {
			isa = PBXGroup;
			children = (
				83399E3A1500AD890077EA5C /* EditingPreferences.tiff */,
				83399E3B1500AD890077EA5C /* FontAndColorPreferences.png */,
				83399E3C1500AD890077EA5C /* GeneralPreferences.tiff */,
				8345C7681509D2E400B77728 /* SyntaxPreferences.png */,
			);
			name = Images;
			sourceTree = "<group>";
		};
		83614D1C14FF56AC0035C993 /* Processors */ = {
			isa = PBXGroup;
			children = (
				83426FE314FF48CD0008A394 /* TextProcessor.h */,
				83426FE414FF48CD0008A394 /* TextProcessor.m */,
				83614D1814FF56A70035C993 /* CProcessor.h */,
				83614D1914FF56A70035C993 /* CProcessor.m */,
				832D0E41153612480058A47F /* PHPProcessor.h */,
				832D0E42153612480058A47F /* PHPProcessor.m */,
				834D8E821508925D006AE3BE /* ShellProcessor.h */,
				834D8E831508925D006AE3BE /* ShellProcessor.m */,
				8364875715096259004FF3B0 /* XMLProcessor.h */,
				8364875815096259004FF3B0 /* XMLProcessor.m */,
				83329F35153B43CC00DA48BB /* CSSProcessor.h */,
				83329F36153B43CC00DA48BB /* CSSProcessor.m */,
			);
			name = Processors;
			sourceTree = "<group>";
		};
		83B2CDC81500539800A679A9 /* Preferences */ = {
			isa = PBXGroup;
			children = (
				83B2CDCE15005B7E00A679A9 /* NSPreferences.h */,
				83399E451500CA6A0077EA5C /* Theme.h */,
				83399E461500CA6A0077EA5C /* Theme.m */,
				83DF90881507706400917AFB /* SyntaxDefinition.h */,
				83DF90891507706400917AFB /* SyntaxDefinition.m */,
				833B9DC4146F92B3008F05CE /* Preferences.h */,
				833B9DC5146F92B3008F05CE /* Preferences.m */,
				83B2CDCF15005C3500A679A9 /* GeneralPreferences.h */,
				83B2CDD015005C3500A679A9 /* GeneralPreferences.m */,
				83399E321500AA490077EA5C /* GeneralPreferences.xib */,
				837907EC1501A0840024E099 /* FontTextField.h */,
				837907ED1501A0840024E099 /* FontTextField.m */,
				83C3B9941503362800E4EE77 /* AddThemeView.h */,
				83C3B9951503362800E4EE77 /* AddThemeView.m */,
				83B2CDD515005C6100A679A9 /* FontAndColorPreferences.h */,
				83B2CDD615005C6100A679A9 /* FontAndColorPreferences.m */,
				83399E351500AB840077EA5C /* FontAndColorPreferences.xib */,
				83B2CDD215005C4E00A679A9 /* EditingPreferences.h */,
				83B2CDD315005C4E00A679A9 /* EditingPreferences.m */,
				83399E371500ABBF0077EA5C /* EditingPreferences.xib */,
				836AA91F15080F42009C82A6 /* AddSyntaxDefinitionView.h */,
				836AA92015080F42009C82A6 /* AddSyntaxDefinitionView.m */,
				83DF908C1507709E00917AFB /* SyntaxPreferences.h */,
				83DF908D1507709E00917AFB /* SyntaxPreferences.m */,
				83DF908F150770CC00917AFB /* SyntaxPreferences.xib */,
			);
			name = Preferences;
			sourceTree = "<group>";
		};
		83C74D7A1468F8AB008A26A3 = {
			isa = PBXGroup;
			children = (
				83C74D8F1468F8AB008A26A3 /* BetterEdit */,
				83C74DAC1468F8AB008A26A3 /* BetterEditTests */,
				83C74D881468F8AB008A26A3 /* Frameworks */,
				83C74D861468F8AB008A26A3 /* Products */,
			);
			sourceTree = "<group>";
		};
		83C74D861468F8AB008A26A3 /* Products */ = {
			isa = PBXGroup;
			children = (
				83C74D851468F8AB008A26A3 /* CodeX.app */,
				83C74DA61468F8AB008A26A3 /* BetterEditTests.octest */,
			);
			name = Products;
			sourceTree = "<group>";
		};
		83C74D881468F8AB008A26A3 /* Frameworks */ = {
			isa = PBXGroup;
			children = (
				83C74D891468F8AB008A26A3 /* Cocoa.framework */,
				83C74DA71468F8AB008A26A3 /* SenTestingKit.framework */,
				83C4B161150046770088F194 /* CoreFoundation.framework */,
				83C74D8B1468F8AB008A26A3 /* Other Frameworks */,
			);
			name = Frameworks;
			sourceTree = "<group>";
		};
		83C74D8B1468F8AB008A26A3 /* Other Frameworks */ = {
			isa = PBXGroup;
			children = (
				83C74D8C1468F8AB008A26A3 /* AppKit.framework */,
				83C74D8D1468F8AB008A26A3 /* CoreData.framework */,
				83C74D8E1468F8AB008A26A3 /* Foundation.framework */,
			);
			name = "Other Frameworks";
			sourceTree = "<group>";
		};
		83C74D8F1468F8AB008A26A3 /* BetterEdit */ = {
			isa = PBXGroup;
			children = (
				83399E391500AD770077EA5C /* Images */,
				83B2CDC81500539800A679A9 /* Preferences */,
				83614D1C14FF56AC0035C993 /* Processors */,
				83C74D901468F8AB008A26A3 /* Supporting Files */,
				83C74D9E1468F8AB008A26A3 /* MainMenu.xib */,
				83C74D9B1468F8AB008A26A3 /* BetterEditAppDelegate.h */,
				83C74D9C1468F8AB008A26A3 /* BetterEditAppDelegate.m */,
				83F7F77314FD705B0080BCE3 /* FileTableCellView.h */,
				83F7F77414FD705B0080BCE3 /* FileTableCellView.m */,
				834F417B1504886B00CDA339 /* KeyThroughTextView.h */,
				834F417C1504886B00CDA339 /* KeyThroughTextView.m */,
				831F50C914FCC160006122C3 /* TextRulerView.h */,
				831F50CA14FCC160006122C3 /* TextRulerView.m */,
				83C74DBE1468FDD7008A26A3 /* TextDocument.h */,
				83C74DBF1468FDD7008A26A3 /* TextDocument.m */,
				83C74DC714690117008A26A3 /* TextDocumentController.h */,
				83C74DC814690117008A26A3 /* TextDocumentController.m */,
				838EA0A31501FE1000E7A028 /* EditingTextView.h */,
				838EA0A41501FE1000E7A028 /* EditingTextView.m */,
				833E14AE14690B4300F50375 /* EditingWindow.xib */,
				833E14B014690B5D00F50375 /* EditingWindow.h */,
				833E14B114690B5D00F50375 /* EditingWindow.m */,
				833E14A714690B0400F50375 /* EditingWindowController.h */,
				833E14A814690B0400F50375 /* EditingWindowController.m */,
				83F6362315074F990076C3C8 /* VersionsWindow.h */,
				83F6362415074F990076C3C8 /* VersionsWindow.m */,
				83F6362715074FBA0076C3C8 /* VersionsWindow.xib */,
				8379DE031536248500E8E399 /* AdvancedFindPanel.h */,
				8379DE041536248500E8E399 /* AdvancedFindPanel.m */,
				8379DE0E1536264500E8E399 /* AdvancedFindPanel.xib */,
			);
			path = BetterEdit;
			sourceTree = "<group>";
		};
		83C74D901468F8AB008A26A3 /* Supporting Files */ = {
			isa = PBXGroup;
			children = (
				83C74D911468F8AB008A26A3 /* BetterEdit-Info.plist */,
				8341DE8115D9EF5300CE763C /* Icon.iconset */,
				83C74D921468F8AB008A26A3 /* InfoPlist.strings */,
				83C74D951468F8AB008A26A3 /* main.m */,
				83C74D971468F8AB008A26A3 /* BetterEdit-Prefix.pch */,
				83C74D981468F8AB008A26A3 /* Credits.rtf */,
			);
			name = "Supporting Files";
			sourceTree = "<group>";
		};
		83C74DAC1468F8AB008A26A3 /* BetterEditTests */ = {
			isa = PBXGroup;
			children = (
				83C74DB21468F8AC008A26A3 /* BetterEditTests.h */,
				83C74DB41468F8AC008A26A3 /* BetterEditTests.m */,
				83C74DAD1468F8AC008A26A3 /* Supporting Files */,
			);
			path = BetterEditTests;
			sourceTree = "<group>";
		};
		83C74DAD1468F8AC008A26A3 /* Supporting Files */ = {
			isa = PBXGroup;
			children = (
				83C74DAE1468F8AC008A26A3 /* BetterEditTests-Info.plist */,
				83C74DAF1468F8AC008A26A3 /* InfoPlist.strings */,
			);
			name = "Supporting Files";
			sourceTree = "<group>";
		};
/* End PBXGroup section */

/* Begin PBXNativeTarget section */
		83C74D841468F8AB008A26A3 /* CodeX */ = {
			isa = PBXNativeTarget;
			buildConfigurationList = 83C74DB81468F8AC008A26A3 /* Build configuration list for PBXNativeTarget "CodeX" */;
			buildPhases = (
				83C74D811468F8AB008A26A3 /* Sources */,
				83C74D821468F8AB008A26A3 /* Frameworks */,
				83C74D831468F8AB008A26A3 /* Resources */,
			);
			buildRules = (
			);
			dependencies = (
			);
			name = CodeX;
			productName = BetterEdit;
			productReference = 83C74D851468F8AB008A26A3 /* CodeX.app */;
			productType = "com.apple.product-type.application";
		};
		83C74DA51468F8AB008A26A3 /* BetterEditTests */ = {
			isa = PBXNativeTarget;
			buildConfigurationList = 83C74DBB1468F8AC008A26A3 /* Build configuration list for PBXNativeTarget "BetterEditTests" */;
			buildPhases = (
				83C74DA11468F8AB008A26A3 /* Sources */,
				83C74DA21468F8AB008A26A3 /* Frameworks */,
				83C74DA31468F8AB008A26A3 /* Resources */,
				83C74DA41468F8AB008A26A3 /* ShellScript */,
			);
			buildRules = (
			);
			dependencies = (
				83C74DAB1468F8AB008A26A3 /* PBXTargetDependency */,
			);
			name = BetterEditTests;
			productName = BetterEditTests;
			productReference = 83C74DA61468F8AB008A26A3 /* BetterEditTests.octest */;
			productType = "com.apple.product-type.bundle";
		};
/* End PBXNativeTarget section */

/* Begin PBXProject section */
		83C74D7C1468F8AB008A26A3 /* Project object */ = {
			isa = PBXProject;
			attributes = {
				LastUpgradeCheck = 0460;
			};
			buildConfigurationList = 83C74D7F1468F8AB008A26A3 /* Build configuration list for PBXProject "BetterEdit" */;
			compatibilityVersion = "Xcode 3.2";
			developmentRegion = English;
			hasScannedForEncodings = 0;
			knownRegions = (
				en,
			);
			mainGroup = 83C74D7A1468F8AB008A26A3;
			productRefGroup = 83C74D861468F8AB008A26A3 /* Products */;
			projectDirPath = "";
			projectRoot = "";
			targets = (
				83C74D841468F8AB008A26A3 /* CodeX */,
				83C74DA51468F8AB008A26A3 /* BetterEditTests */,
			);
		};
/* End PBXProject section */

/* Begin PBXResourcesBuildPhase section */
		83C74D831468F8AB008A26A3 /* Resources */ = {
			isa = PBXResourcesBuildPhase;
			buildActionMask = 2147483647;
			files = (
				83C74D941468F8AB008A26A3 /* InfoPlist.strings in Resources */,
				83C74D9A1468F8AB008A26A3 /* Credits.rtf in Resources */,
				83C74DA01468F8AB008A26A3 /* MainMenu.xib in Resources */,
				83B2CDC315004F8F00A679A9 /* EditingWindow.xib in Resources */,
				83399E331500AA490077EA5C /* GeneralPreferences.xib in Resources */,
				83399E361500AB840077EA5C /* FontAndColorPreferences.xib in Resources */,
				83399E381500ABBF0077EA5C /* EditingPreferences.xib in Resources */,
				83399E3D1500AD890077EA5C /* EditingPreferences.tiff in Resources */,
				83399E3E1500AD890077EA5C /* FontAndColorPreferences.png in Resources */,
				83399E3F1500AD890077EA5C /* GeneralPreferences.tiff in Resources */,
				83F6362815074FBA0076C3C8 /* VersionsWindow.xib in Resources */,
				83DF9090150770CC00917AFB /* SyntaxPreferences.xib in Resources */,
				8345C7691509D2E400B77728 /* SyntaxPreferences.png in Resources */,
				8379DE0F1536264500E8E399 /* AdvancedFindPanel.xib in Resources */,
				8341DE8215D9EF5300CE763C /* Icon.iconset in Resources */,
			);
			runOnlyForDeploymentPostprocessing = 0;
		};
		83C74DA31468F8AB008A26A3 /* Resources */ = {
			isa = PBXResourcesBuildPhase;
			buildActionMask = 2147483647;
			files = (
				83C74DB11468F8AC008A26A3 /* InfoPlist.strings in Resources */,
				83C74DB31468F8AC008A26A3 /* BetterEditTests.h in Resources */,
			);
			runOnlyForDeploymentPostprocessing = 0;
		};
/* End PBXResourcesBuildPhase section */

/* Begin PBXShellScriptBuildPhase section */
		83C74DA41468F8AB008A26A3 /* ShellScript */ = {
			isa = PBXShellScriptBuildPhase;
			buildActionMask = 2147483647;
			files = (
			);
			inputPaths = (
			);
			outputPaths = (
			);
			runOnlyForDeploymentPostprocessing = 0;
			shellPath = /bin/sh;
			shellScript = "# Run the unit tests in this test bundle.\n\"${SYSTEM_DEVELOPER_DIR}/Tools/RunUnitTests\"\n";
		};
/* End PBXShellScriptBuildPhase section */

/* Begin PBXSourcesBuildPhase section */
		83C74D811468F8AB008A26A3 /* Sources */ = {
			isa = PBXSourcesBuildPhase;
			buildActionMask = 2147483647;
			files = (
				83C74D961468F8AB008A26A3 /* main.m in Sources */,
				83C74D9D1468F8AB008A26A3 /* BetterEditAppDelegate.m in Sources */,
				83C74DC11468FDD7008A26A3 /* TextDocument.m in Sources */,
				83C74DC914690117008A26A3 /* TextDocumentController.m in Sources */,
				833E14A914690B0400F50375 /* EditingWindowController.m in Sources */,
				833E14B214690B5D00F50375 /* EditingWindow.m in Sources */,
				833B9DC6146F92B3008F05CE /* Preferences.m in Sources */,
				831F50CB14FCC160006122C3 /* TextRulerView.m in Sources */,
				83F7F77514FD705B0080BCE3 /* FileTableCellView.m in Sources */,
				83426FE514FF48CD0008A394 /* TextProcessor.m in Sources */,
				83614D1A14FF56A70035C993 /* CProcessor.m in Sources */,
				83B2CDD115005C3500A679A9 /* GeneralPreferences.m in Sources */,
				83B2CDD415005C4E00A679A9 /* EditingPreferences.m in Sources */,
				83B2CDD715005C6100A679A9 /* FontAndColorPreferences.m in Sources */,
				83399E471500CA6A0077EA5C /* Theme.m in Sources */,
				837907EE1501A0840024E099 /* FontTextField.m in Sources */,
				838EA0A51501FE1100E7A028 /* EditingTextView.m in Sources */,
				83C3B9961503362800E4EE77 /* AddThemeView.m in Sources */,
				834F417D1504886B00CDA339 /* KeyThroughTextView.m in Sources */,
				83F6362515074F990076C3C8 /* VersionsWindow.m in Sources */,
				83DF908A1507706400917AFB /* SyntaxDefinition.m in Sources */,
				83DF908E1507709E00917AFB /* SyntaxPreferences.m in Sources */,
				836AA92115080F43009C82A6 /* AddSyntaxDefinitionView.m in Sources */,
				834D8E841508925D006AE3BE /* ShellProcessor.m in Sources */,
				8364875915096259004FF3B0 /* XMLProcessor.m in Sources */,
				832D0E43153612480058A47F /* PHPProcessor.m in Sources */,
				8379DE051536248500E8E399 /* AdvancedFindPanel.m in Sources */,
				83329F37153B43CC00DA48BB /* CSSProcessor.m in Sources */,
			);
			runOnlyForDeploymentPostprocessing = 0;
		};
		83C74DA11468F8AB008A26A3 /* Sources */ = {
			isa = PBXSourcesBuildPhase;
			buildActionMask = 2147483647;
			files = (
				83C74DB51468F8AC008A26A3 /* BetterEditTests.m in Sources */,
			);
			runOnlyForDeploymentPostprocessing = 0;
		};
/* End PBXSourcesBuildPhase section */

/* Begin PBXTargetDependency section */
		83C74DAB1468F8AB008A26A3 /* PBXTargetDependency */ = {
			isa = PBXTargetDependency;
			target = 83C74D841468F8AB008A26A3 /* CodeX */;
			targetProxy = 83C74DAA1468F8AB008A26A3 /* PBXContainerItemProxy */;
		};
/* End PBXTargetDependency section */

/* Begin PBXVariantGroup section */
		83C74D921468F8AB008A26A3 /* InfoPlist.strings */ = {
			isa = PBXVariantGroup;
			children = (
				83C74D931468F8AB008A26A3 /* en */,
			);
			name = InfoPlist.strings;
			sourceTree = "<group>";
		};
		83C74D981468F8AB008A26A3 /* Credits.rtf */ = {
			isa = PBXVariantGroup;
			children = (
				83C74D991468F8AB008A26A3 /* en */,
			);
			name = Credits.rtf;
			sourceTree = "<group>";
		};
		83C74D9E1468F8AB008A26A3 /* MainMenu.xib */ = {
			isa = PBXVariantGroup;
			children = (
				83C74D9F1468F8AB008A26A3 /* en */,
			);
			name = MainMenu.xib;
			sourceTree = "<group>";
		};
		83C74DAF1468F8AC008A26A3 /* InfoPlist.strings */ = {
			isa = PBXVariantGroup;
			children = (
				83C74DB01468F8AC008A26A3 /* en */,
			);
			name = InfoPlist.strings;
			sourceTree = "<group>";
		};
/* End PBXVariantGroup section */

/* Begin XCBuildConfiguration section */
		83C74DB61468F8AC008A26A3 /* Debug */ = {
			isa = XCBuildConfiguration;
			buildSettings = {
				ALWAYS_SEARCH_USER_PATHS = NO;
				ARCHS = "$(ARCHS_STANDARD_64_BIT)";
				CLANG_WARN_CONSTANT_CONVERSION = YES;
				CLANG_WARN_ENUM_CONVERSION = YES;
				CLANG_WARN_INT_CONVERSION = YES;
				CLANG_WARN__DUPLICATE_METHOD_MATCH = YES;
				CODE_SIGN_IDENTITY = "3rd Party Mac Developer Application";
				COPY_PHASE_STRIP = NO;
				GCC_C_LANGUAGE_STANDARD = gnu99;
				GCC_DYNAMIC_NO_PIC = NO;
				GCC_ENABLE_OBJC_EXCEPTIONS = YES;
				GCC_OPTIMIZATION_LEVEL = 0;
				GCC_PREPROCESSOR_DEFINITIONS = (
					"DEBUG=1",
					"$(inherited)",
				);
				GCC_SYMBOLS_PRIVATE_EXTERN = NO;
				GCC_VERSION = com.apple.compilers.llvm.clang.1_0;
				GCC_WARN_64_TO_32_BIT_CONVERSION = YES;
				GCC_WARN_ABOUT_MISSING_PROTOTYPES = YES;
				GCC_WARN_ABOUT_RETURN_TYPE = YES;
				GCC_WARN_UNINITIALIZED_AUTOS = YES;
				GCC_WARN_UNUSED_VARIABLE = YES;
				MACOSX_DEPLOYMENT_TARGET = 10.7;
				ONLY_ACTIVE_ARCH = YES;
				PRODUCT_NAME = CodeX;
				PROVISIONING_PROFILE = "";
				SDKROOT = macosx;
			};
			name = Debug;
		};
		83C74DB71468F8AC008A26A3 /* Release */ = {
			isa = XCBuildConfiguration;
			buildSettings = {
				ALWAYS_SEARCH_USER_PATHS = NO;
				ARCHS = "$(ARCHS_STANDARD_64_BIT)";
				CLANG_WARN_CONSTANT_CONVERSION = YES;
				CLANG_WARN_ENUM_CONVERSION = YES;
				CLANG_WARN_INT_CONVERSION = YES;
				CLANG_WARN__DUPLICATE_METHOD_MATCH = YES;
				CODE_SIGN_IDENTITY = "3rd Party Mac Developer Application";
				COPY_PHASE_STRIP = YES;
				DEBUG_INFORMATION_FORMAT = "dwarf-with-dsym";
				GCC_C_LANGUAGE_STANDARD = gnu99;
				GCC_ENABLE_OBJC_EXCEPTIONS = YES;
				GCC_VERSION = com.apple.compilers.llvm.clang.1_0;
				GCC_WARN_64_TO_32_BIT_CONVERSION = YES;
				GCC_WARN_ABOUT_MISSING_PROTOTYPES = YES;
				GCC_WARN_ABOUT_RETURN_TYPE = YES;
				GCC_WARN_UNINITIALIZED_AUTOS = YES;
				GCC_WARN_UNUSED_VARIABLE = YES;
				MACOSX_DEPLOYMENT_TARGET = 10.7;
				PRODUCT_NAME = CodeX;
				PROVISIONING_PROFILE = "";
				SDKROOT = macosx;
			};
			name = Release;
		};
		83C74DB91468F8AC008A26A3 /* Debug */ = {
			isa = XCBuildConfiguration;
			buildSettings = {
				CODE_SIGN_IDENTITY = "3rd Party Mac Developer Application: Christopher Brown (662ZLKY473)";
				COMBINE_HIDPI_IMAGES = YES;
				GCC_PRECOMPILE_PREFIX_HEADER = YES;
				GCC_PREFIX_HEADER = "BetterEdit/BetterEdit-Prefix.pch";
				INFOPLIST_FILE = "BetterEdit/BetterEdit-Info.plist";
				MACOSX_DEPLOYMENT_TARGET = 10.7;
				PRODUCT_NAME = "$(TARGET_NAME)";
				PROVISIONING_PROFILE = "13D55011-6D4B-414C-A288-9F38CF1FDC4F";
				WRAPPER_EXTENSION = app;
			};
			name = Debug;
		};
		83C74DBA1468F8AC008A26A3 /* Release */ = {
			isa = XCBuildConfiguration;
			buildSettings = {
				CODE_SIGN_IDENTITY = "3rd Party Mac Developer Application: Christopher Brown (662ZLKY473)";
				COMBINE_HIDPI_IMAGES = YES;
				GCC_PRECOMPILE_PREFIX_HEADER = YES;
				GCC_PREFIX_HEADER = "BetterEdit/BetterEdit-Prefix.pch";
				INFOPLIST_FILE = "BetterEdit/BetterEdit-Info.plist";
				MACOSX_DEPLOYMENT_TARGET = 10.7;
				PRODUCT_NAME = "$(TARGET_NAME)";
				PROVISIONING_PROFILE = "13D55011-6D4B-414C-A288-9F38CF1FDC4F";
				WRAPPER_EXTENSION = app;
			};
			name = Release;
		};
		83C74DBC1468F8AC008A26A3 /* Debug */ = {
			isa = XCBuildConfiguration;
			buildSettings = {
				BUNDLE_LOADER = "$(BUILT_PRODUCTS_DIR)/BetterEdit.app/Contents/MacOS/BetterEdit";
				COMBINE_HIDPI_IMAGES = YES;
				FRAMEWORK_SEARCH_PATHS = "$(DEVELOPER_LIBRARY_DIR)/Frameworks";
				GCC_PRECOMPILE_PREFIX_HEADER = YES;
				GCC_PREFIX_HEADER = "BetterEdit/BetterEdit-Prefix.pch";
				INFOPLIST_FILE = "BetterEditTests/BetterEditTests-Info.plist";
				PRODUCT_NAME = "$(TARGET_NAME)";
				TEST_HOST = "$(BUNDLE_LOADER)";
				WRAPPER_EXTENSION = octest;
			};
			name = Debug;
		};
		83C74DBD1468F8AC008A26A3 /* Release */ = {
			isa = XCBuildConfiguration;
			buildSettings = {
				BUNDLE_LOADER = "$(BUILT_PRODUCTS_DIR)/BetterEdit.app/Contents/MacOS/BetterEdit";
				COMBINE_HIDPI_IMAGES = YES;
				FRAMEWORK_SEARCH_PATHS = "$(DEVELOPER_LIBRARY_DIR)/Frameworks";
				GCC_PRECOMPILE_PREFIX_HEADER = YES;
				GCC_PREFIX_HEADER = "BetterEdit/BetterEdit-Prefix.pch";
				INFOPLIST_FILE = "BetterEditTests/BetterEditTests-Info.plist";
				PRODUCT_NAME = "$(TARGET_NAME)";
				TEST_HOST = "$(BUNDLE_LOADER)";
				WRAPPER_EXTENSION = octest;
			};
			name = Release;
		};
/* End XCBuildConfiguration section */

/* Begin XCConfigurationList section */
		83C74D7F1468F8AB008A26A3 /* Build configuration list for PBXProject "BetterEdit" */ = {
			isa = XCConfigurationList;
			buildConfigurations = (
				83C74DB61468F8AC008A26A3 /* Debug */,
				83C74DB71468F8AC008A26A3 /* Release */,
			);
			defaultConfigurationIsVisible = 0;
			defaultConfigurationName = Release;
		};
		83C74DB81468F8AC008A26A3 /* Build configuration list for PBXNativeTarget "CodeX" */ = {
			isa = XCConfigurationList;
			buildConfigurations = (
				83C74DB91468F8AC008A26A3 /* Debug */,
				83C74DBA1468F8AC008A26A3 /* Release */,
			);
			defaultConfigurationIsVisible = 0;
			defaultConfigurationName = Release;
		};
		83C74DBB1468F8AC008A26A3 /* Build configuration list for PBXNativeTarget "BetterEditTests" */ = {
			isa = XCConfigurationList;
			buildConfigurations = (
				83C74DBC1468F8AC008A26A3 /* Debug */,
				83C74DBD1468F8AC008A26A3 /* Release */,
			);
			defaultConfigurationIsVisible = 0;
			defaultConfigurationName = Release;
		};
/* End XCConfigurationList section */
	};
	rootObject = 83C74D7C1468F8AB008A26A3 /* Project object */;
}
